// !$*UTF8*$!
{
	archiveVersion = 1;
	classes = {
	};
	objectVersion = 56;
	objects = {
		0007DD7D973DDF6D03D218FD = {isa = PBXBuildFile; fileRef = 757D595054A36BB21EB544B2; };
		01B9E16C6B1B1B4C61912E46 = {isa = PBXFileReference; lastKnownFileType = sourcecode.swift; path = "WeightsGame.swift"; sourceTree = "<group>"; };
		01F8C7502D914054DDA97F63 = {isa = PBXFileReference; lastKnownFileType = sourcecode.swift; path = "Characters.swift"; sourceTree = "<group>"; };
		027C7CFFD9548193FC23B111 = {isa = PBXBuildFile; fileRef = FE06B268444BFD600479D9FC; };
		0530A885F824A3645D3B2F7D = {isa = PBXFileReference; lastKnownFileType = sourcecode.swift; path = "Game+Inventory.swift"; sourceTree = "<group>"; };
		05596FF08497BFA88FEE9A71 = {isa = PBXBuildFile; fileRef = BA66C3F97F22E182A7F03769; };
		058FE672DADE1366AEB892D1 = {isa = PBXBuildFile; fileRef = 8537FC5BB4B55C9B11F36644; };
		06BF79A14291CFF67A68D95A = {isa = PBXBuildFile; fileRef = 555A988CE2E5E47201995C06; };
		08ACB81DE72CE465A798AACE = {isa = PBXFileReference; lastKnownFileType = sourcecode.swift; path = "Game+Player.swift"; sourceTree = "<group>"; };
		0A24B6FC738C0FD95F524A03 = {isa = PBXFileReference; lastKnownFileType = sourcecode.swift; path = "Game+Perception.swift"; sourceTree = "<group>"; };
		0CC36D9D6B9DB85390E3381F = {isa = PBXFileReference; lastKnownFileType = sourcecode.swift; path = "EndingScreen.swift"; sourceTree = "<group>"; };
		11980904E30DAAA58670ECB5 = {isa = PBXFileReference; lastKnownFileType = sourcecode.swift; path = "Game+Script.swift"; sourceTree = "<group>"; };
		133EBDBEFBD837298ECD0F2D = {isa = PBXFileReference; lastKnownFileType = sourcecode.swift; path = "CartDriveGame.swift"; sourceTree = "<group>"; };
		137DC9173699C4F8A5DBFE7D = {isa = PBXFileReference; lastKnownFileType = sourcecode.swift; path = "HUD.swift"; sourceTree = "<group>"; };
		1438E33FD53466B247ADD967 = {isa = PBXBuildFile; fileRef = 485BE5CAA5C9F67195F154BD; };
		16526F068D88E7E39BF7DB2B = {isa = PBXGroup; children = (88B36E66D1BBD65B1BF2DF1C, ); path = "Persistence"; sourceTree = "<group>"; };
		1805BBF03B835178EF9AA1F3 = {isa = PBXBuildFile; fileRef = 28CAB1A34064BA4DA88234B7; };
		18B4EB13641E70918960AA60 = {isa = PBXBuildFile; fileRef = 40E9044B04BB4E7388E3A72E; };
		18E5D8AC38F488E4C2D76618 = {isa = PBXBuildFile; fileRef = DECB48E0D103EA0D16A0706B; };
		19644A29073F70B6A18CFFF9 = {isa = PBXFileReference; lastKnownFileType = sourcecode.swift; path = "Navigation.swift"; sourceTree = "<group>"; };
		19EE8710364EF1A44651F536 = {isa = PBXFileReference; lastKnownFileType = sourcecode.swift; path = "ChessEngine.swift"; sourceTree = "<group>"; };
		1DF7720A8F81BF00CC0AC176 = {isa = PBXFileReference; lastKnownFileType = sourcecode.swift; path = "SupplyMatchGame.swift"; sourceTree = "<group>"; };
		1EA77B415A3F4C85A5F43786 = {isa = PBXBuildFile; fileRef = 6EFD5FE3E88933A9F2B77EFF; };
		1EC3B90C5FCDD0C18EA83E15 = {isa = PBXFileReference; lastKnownFileType = sourcecode.swift; path = "BasketballGame.swift"; sourceTree = "<group>"; };
		1F4E3D13C2320EDA50221924 = {isa = XCConfigurationList; buildConfigurations = (4A43692AD8BCEEB8B727C85B, C28449456A5A705A7479770B, ); defaultConfigurationIsVisible = 0; defaultConfigurationName = Release; };
		1F651F80AD0224C9389BC5E5 = {isa = PBXFileReference; lastKnownFileType = sourcecode.swift; path = "Transition.swift"; sourceTree = "<group>"; };
		20CB8254A56014E00754AC16 = {isa = PBXFileReference; lastKnownFileType = sourcecode.swift; path = "Game+Schedule.swift"; sourceTree = "<group>"; };
		20E1696D900C28F049E34F71 = {isa = PBXProject; attributes = {BuildIndependentTargetsInParallel = 1; LastSwiftUpdateCheck = 1500; LastUpgradeCheck = 1500; TargetAttributes = {A3D17FF89F3CDD356A0EADD5 = {CreatedOnToolsVersion = 15.0; }; }; }; buildConfigurationList = 1F4E3D13C2320EDA50221924; compatibilityVersion = "Xcode 14.0"; developmentRegion = en; hasScannedForEncodings = 0; knownRegions = (en, Base, ); mainGroup = 518DA81DB9B99529C0C0AEBE; productRefGroup = 2F3A6B1E78F896718625FF06; projectDirPath = ""; projectRoot = ""; targets = (A3D17FF89F3CDD356A0EADD5, ); };
		2299593A95089D43AC5F658C = {isa = PBXBuildFile; fileRef = C646FDE5E059A20995D57ED1; };
		23B7EFB04B1E1794BE1A8762 = {isa = PBXBuildFile; fileRef = 5BCA9C8DBFBD166BA425E05E; };
		254F6549C45EFA2101E446F4 = {isa = PBXFileReference; lastKnownFileType = sourcecode.swift; path = "StoryContent.swift"; sourceTree = "<group>"; };
		25AE16D0E967126C14F740EA = {isa = PBXFileReference; lastKnownFileType = sourcecode.swift; path = "FilingGame.swift"; sourceTree = "<group>"; };
		269EE528806C773465E4E17E = {isa = PBXFileReference; lastKnownFileType = sourcecode.swift; path = "SewingGame.swift"; sourceTree = "<group>"; };
		2825FEFDF0F4794BD1D8D05D = {isa = PBXFileReference; lastKnownFileType = sourcecode.swift; path = "Sight.swift"; sourceTree = "<group>"; };
		285BB1C1430063331E9F5DD0 = {isa = PBXResourcesBuildPhase; buildActionMask = 2147483647; files = (BAB5E62257267DDA65410CE9, ); runOnlyForDeploymentPostprocessing = 0; };
		28CAB1A34064BA4DA88234B7 = {isa = PBXFileReference; lastKnownFileType = sourcecode.swift; path = "MainArc.swift"; sourceTree = "<group>"; };
		297BF03941A1003DB0F5FE78 = {isa = PBXFileReference; lastKnownFileType = sourcecode.swift; path = "Docs.swift"; sourceTree = "<group>"; };
		2A2C85030ADD7CFFBF7A2C18 = {isa = PBXFileReference; lastKnownFileType = sourcecode.swift; path = "FigureArt.swift"; sourceTree = "<group>"; };
		2BB0DF9C3A1960D5809E57F4 = {isa = PBXBuildFile; fileRef = 20CB8254A56014E00754AC16; };
		2DB6DF11DCA3E7C3B6D7A80C = {isa = PBXFileReference; lastKnownFileType = sourcecode.swift; path = "MapArt.swift"; sourceTree = "<group>"; };
		2E05CFAD44D2517948097C51 = {isa = PBXFileReference; lastKnownFileType = sourcecode.swift; path = "IconArt.swift"; sourceTree = "<group>"; };
		2F3A6B1E78F896718625FF06 = {isa = PBXGroup; children = (6CD6645746E26E8854991CAD, ); name = "Products"; sourceTree = "<group>"; };
		2FEACC1E092090A3781C3291 = {isa = PBXBuildFile; fileRef = 269EE528806C773465E4E17E; };
		3073788BC2E9CD6938D9EB81 = {isa = PBXBuildFile; fileRef = 523EF9854840F0386A018870; };
		31295F9D57A3DF2003BF67B8 = {isa = PBXBuildFile; fileRef = F891FF25FAF3C1E30892AE89; };
		31AE39C1F2928B8F942B90DF = {isa = PBXBuildFile; fileRef = 2825FEFDF0F4794BD1D8D05D; };
		33B3FC13F54F8301DA7CA6E6 = {isa = PBXBuildFile; fileRef = 2A2C85030ADD7CFFBF7A2C18; };
		349E558904A38386937D770C = {isa = PBXFileReference; lastKnownFileType = sourcecode.swift; path = "Choices.swift"; sourceTree = "<group>"; };
		354589B28580510B6EC24620 = {isa = XCConfigurationList; buildConfigurations = (4D8F6610AF6606489ED8DFBC, 3DDF142C91E4BE3A6BA5A69E, ); defaultConfigurationIsVisible = 0; defaultConfigurationName = Release; };
		356318BF8D7ECB7E000F5D50 = {isa = PBXFileReference; lastKnownFileType = sourcecode.swift; path = "ChessArt.swift"; sourceTree = "<group>"; };
		3591F9DDCCCFEF52C772C181 = {isa = PBXBuildFile; fileRef = A02F4CCFC3A829DA705FB16C; };
		3676B750F858376958018364 = {isa = PBXBuildFile; fileRef = B33B3AA849D91222E416DDFA; };
		3691F3B99D5B4FA132C02253 = {isa = PBXBuildFile; fileRef = 516FE55B9706EFE2C9694E69; };
		38399CD598D9F5160B62C87E = {isa = PBXBuildFile; fileRef = A593A0F60BC35BC99595E2D8; };
		391D4C84990F4A0463043994 = {isa = PBXFileReference; lastKnownFileType = sourcecode.swift; path = "ItemStories.swift"; sourceTree = "<group>"; };
		39A6EC24B0799DF37C8200F4 = {isa = PBXBuildFile; fileRef = D303E0AC9229C621D1A2F680; };
		3AA650C2C1B56755683B7616 = {isa = PBXFileReference; lastKnownFileType = sourcecode.swift; path = "Settings.swift"; sourceTree = "<group>"; };
		3DDF142C91E4BE3A6BA5A69E = {isa = XCBuildConfiguration; buildSettings = {ASSETCATALOG_COMPILER_APPICON_NAME = "AppIcon"; ASSETCATALOG_COMPILER_GLOBAL_ACCENT_COLOR_NAME = "AccentColor"; CODE_SIGN_STYLE = "Automatic"; CURRENT_PROJECT_VERSION = "1"; DEVELOPMENT_TEAM = ""; GENERATE_INFOPLIST_FILE = "NO"; INFOPLIST_FILE = "iOS/FPod/Info.plist"; LD_RUNPATH_SEARCH_PATHS = ("$(inherited)", "@executable_path/Frameworks", ); MARKETING_VERSION = "1.0"; PRODUCT_BUNDLE_IDENTIFIER = "com.example.fpod"; PRODUCT_NAME = "$(TARGET_NAME)"; SUPPORTS_MACCATALYST = "NO"; SUPPORTS_MAC_DESIGNED_FOR_IPHONE_IPAD = "NO"; SUPPORTS_XR_DESIGNED_FOR_IPHONE_IPAD = "NO"; SWIFT_EMIT_LOC_STRINGS = "NO"; SWIFT_VERSION = "5.0"; TARGETED_DEVICE_FAMILY = "1";}; name = Release; };
		409756DB473AB7DFD68CD97F = {isa = PBXBuildFile; fileRef = E75028D03E1124CFF54F8A8B; };
		40E9044B04BB4E7388E3A72E = {isa = PBXFileReference; lastKnownFileType = sourcecode.swift; path = "Game+Systems.swift"; sourceTree = "<group>"; };
		424153ED3CD079DB4DB459AF = {isa = PBXFrameworksBuildPhase; buildActionMask = 2147483647; files = (); runOnlyForDeploymentPostprocessing = 0; };
		43BFFCFABD17DDF076C6966B = {isa = PBXFileReference; lastKnownFileType = sourcecode.swift; path = "DSP.swift"; sourceTree = "<group>"; };
		43F43F16A88CA284F2B31D5B = {isa = PBXFileReference; lastKnownFileType = sourcecode.swift; path = "DrainGame.swift"; sourceTree = "<group>"; };
		462416A2526C59BCE795072A = {isa = PBXFileReference; lastKnownFileType = sourcecode.swift; path = "Places.swift"; sourceTree = "<group>"; };
		485BE5CAA5C9F67195F154BD = {isa = PBXFileReference; lastKnownFileType = sourcecode.swift; path = "DevMenu.swift"; sourceTree = "<group>"; };
		48C4438EB7E7DDC8110AA7BD = {isa = PBXBuildFile; fileRef = C68018D8D1D1503671CD25B7; };
		4A43692AD8BCEEB8B727C85B = {isa = XCBuildConfiguration; buildSettings = {ALWAYS_SEARCH_USER_PATHS = "NO"; CLANG_ENABLE_MODULES = "YES"; CLANG_ENABLE_OBJC_ARC = "YES"; COPY_PHASE_STRIP = "NO"; DEBUG_INFORMATION_FORMAT = "dwarf"; ENABLE_STRICT_OBJC_MSGSEND = "YES"; ENABLE_TESTABILITY = "YES"; ENABLE_USER_SCRIPT_SANDBOXING = "YES"; GCC_C_LANGUAGE_STANDARD = "gnu17"; GCC_NO_COMMON_BLOCKS = "YES"; GCC_OPTIMIZATION_LEVEL = "0"; GCC_PREPROCESSOR_DEFINITIONS = ("DEBUG=1", "$(inherited)", ); IPHONEOS_DEPLOYMENT_TARGET = "16.0"; MTL_ENABLE_DEBUG_INFO = "INCLUDE_SOURCE"; ONLY_ACTIVE_ARCH = "YES"; SDKROOT = "iphoneos"; SWIFT_ACTIVE_COMPILATION_CONDITIONS = "DEBUG"; SWIFT_OPTIMIZATION_LEVEL = "-Onone";}; name = Debug; };
		4B2F41405FC88C237014B7C6 = {isa = PBXGroup; children = (0CC36D9D6B9DB85390E3381F, BAA9B9590FC024319F19AAC8, 523EF9854840F0386A018870, 137DC9173699C4F8A5DBFE7D, 5CB147CA9D3ADCEFB5C6AB6B, 5CCCE90B341F29AA9247DAB8, 757D595054A36BB21EB544B2, 6AF10E7F30C0BDEAA3FAB0EA, B18530D543C4D43E9D1C9DD4, 5768F34EE7EE0A25918C119F, ); path = "Presentation"; sourceTree = "<group>"; };
		4BCFD1E26574139F275E2484 = {isa = PBXFileReference; lastKnownFileType = sourcecode.swift; path = "UIState.swift"; sourceTree = "<group>"; };
		4C290A313A491AB0A68A0B0E = {isa = PBXFileReference; lastKnownFileType = sourcecode.swift; path = "Minigame.swift"; sourceTree = "<group>"; };
		4D8F6610AF6606489ED8DFBC = {isa = XCBuildConfiguration; buildSettings = {ASSETCATALOG_COMPILER_APPICON_NAME = "AppIcon"; ASSETCATALOG_COMPILER_GLOBAL_ACCENT_COLOR_NAME = "AccentColor"; CODE_SIGN_STYLE = "Automatic"; CURRENT_PROJECT_VERSION = "1"; DEVELOPMENT_TEAM = ""; GENERATE_INFOPLIST_FILE = "NO"; INFOPLIST_FILE = "iOS/FPod/Info.plist"; LD_RUNPATH_SEARCH_PATHS = ("$(inherited)", "@executable_path/Frameworks", ); MARKETING_VERSION = "1.0"; PRODUCT_BUNDLE_IDENTIFIER = "com.example.fpod"; PRODUCT_NAME = "$(TARGET_NAME)"; SUPPORTS_MACCATALYST = "NO"; SUPPORTS_MAC_DESIGNED_FOR_IPHONE_IPAD = "NO"; SUPPORTS_XR_DESIGNED_FOR_IPHONE_IPAD = "NO"; SWIFT_EMIT_LOC_STRINGS = "NO"; SWIFT_VERSION = "5.0"; TARGETED_DEVICE_FAMILY = "1";}; name = Debug; };
		4E2E776E6AF3906386B64BF9 = {isa = PBXFileReference; lastKnownFileType = sourcecode.swift; path = "ArtGame.swift"; sourceTree = "<group>"; };
		4F9F77D805835A9AA225857F = {isa = PBXBuildFile; fileRef = 8F19F7F374B9DD8232BA1109; };
		4FAA9E29F0C98F1E46A3B162 = {isa = PBXFileReference; lastKnownFileType = sourcecode.swift; path = "CrazyEightsGame.swift"; sourceTree = "<group>"; };
		51671D9143AB22F5B6D0259A = {isa = PBXBuildFile; fileRef = FD31C9FFDC1CA125D173FAE9; };
		516FE55B9706EFE2C9694E69 = {isa = PBXFileReference; lastKnownFileType = sourcecode.swift; path = "MopGame.swift"; sourceTree = "<group>"; };
		518DA81DB9B99529C0C0AEBE = {isa = PBXGroup; children = (D0667266A4085ED6534A9D97, 81EA0ACCE9F93D16BF1479BE, 2F3A6B1E78F896718625FF06, ); sourceTree = "<group>"; };
		523720FC6D36C2D9A4F9A093 = {isa = PBXGroup; children = (4E2E776E6AF3906386B64BF9, 1EC3B90C5FCDD0C18EA83E15, 133EBDBEFBD837298ECD0F2D, D791730A369C050A42A90157, 19EE8710364EF1A44651F536, 7BD5944436C1683BC0A24D80, 4FAA9E29F0C98F1E46A3B162, B3E6FE18E1AA3295FA6D72FA, 43F43F16A88CA284F2B31D5B, 25AE16D0E967126C14F740EA, A93EC4E12C503F2079B91A0F, C621A5FEC0B38115C13BDBAC, 84CF0EBE7800E2BEDDC5A0EF, 91E2282EDAF5FD246DD2BA90, BA66C3F97F22E182A7F03769, B97C27F1AEA91DE5055FF243, 89EA945049B9A8FBC95B1DFA, 4C290A313A491AB0A68A0B0E, C38A0EBF94B94D2392FA7A02, 516FE55B9706EFE2C9694E69, 269EE528806C773465E4E17E, 1DF7720A8F81BF00CC0AC176, 01B9E16C6B1B1B4C61912E46, ); path = "Minigames"; sourceTree = "<group>"; };
		523EF9854840F0386A018870 = {isa = PBXFileReference; lastKnownFileType = sourcecode.swift; path = "FrameBuilder.swift"; sourceTree = "<group>"; };
		525E3B01849BF44A88C7CC9B = {isa = PBXFileReference; lastKnownFileType = sourcecode.swift; path = "PhoneBook.swift"; sourceTree = "<group>"; };
		529827E63526E4AE701B867F = {isa = PBXFileReference; lastKnownFileType = sourcecode.swift; path = "IDs.swift"; sourceTree = "<group>"; };
		555A988CE2E5E47201995C06 = {isa = PBXFileReference; lastKnownFileType = sourcecode.swift; path = "GameScene.swift"; sourceTree = "<group>"; };
		5768F34EE7EE0A25918C119F = {isa = PBXGroup; children = (9149F48264B5B80E4E6252FF, 356318BF8D7ECB7E000F5D50, A84FF3BD2F3283A127FBF7CB, 2A2C85030ADD7CFFBF7A2C18, 2E05CFAD44D2517948097C51, 2DB6DF11DCA3E7C3B6D7A80C, 5795B2E0533C4B88FAB37459, 6EFD5FE3E88933A9F2B77EFF, FD31C9FFDC1CA125D173FAE9, ); path = "Art"; sourceTree = "<group>"; };
		5795B2E0533C4B88FAB37459 = {isa = PBXFileReference; lastKnownFileType = sourcecode.swift; path = "Pen.swift"; sourceTree = "<group>"; };
		580C698C8CDBDB505932422A = {isa = PBXGroup; children = (391D4C84990F4A0463043994, 28CAB1A34064BA4DA88234B7, 69E86CBD8BE557D1994F73E9, E75028D03E1124CFF54F8A8B, ); path = "Story"; sourceTree = "<group>"; };
		59A75C14CB7E799E28AE4988 = {isa = PBXGroup; children = (485BE5CAA5C9F67195F154BD, B33B3AA849D91222E416DDFA, 8CA2A170615B9134C706596A, FB02FB3429FBF7C5A3B99AF3, 75C6E5F262AAE29AEDC4AE03, 0530A885F824A3645D3B2F7D, C02EFC6D9D216FAA7BBAA3D4, 0A24B6FC738C0FD95F524A03, 08ACB81DE72CE465A798AACE, 20CB8254A56014E00754AC16, 11980904E30DAAA58670ECB5, 40E9044B04BB4E7388E3A72E, 5BCA9C8DBFBD166BA425E05E, 3AA650C2C1B56755683B7616, 8537FC5BB4B55C9B11F36644, 1F651F80AD0224C9389BC5E5, 4BCFD1E26574139F275E2484, ); path = "Sim"; sourceTree = "<group>"; };
		5BCA9C8DBFBD166BA425E05E = {isa = PBXFileReference; lastKnownFileType = sourcecode.swift; path = "Game.swift"; sourceTree = "<group>"; };
		5C1CCA39562361C34DDE3127 = {isa = PBXBuildFile; fileRef = D3E98566DA1DB48D488B5513; };
		5C7263499E7E7722E8954669 = {isa = PBXBuildFile; fileRef = 349E558904A38386937D770C; };
		5CB147CA9D3ADCEFB5C6AB6B = {isa = PBXFileReference; lastKnownFileType = sourcecode.swift; path = "Icon.swift"; sourceTree = "<group>"; };
		5CCCE90B341F29AA9247DAB8 = {isa = PBXFileReference; lastKnownFileType = sourcecode.swift; path = "Input.swift"; sourceTree = "<group>"; };
		601C1B5CDBDF743F1497EEF6 = {isa = PBXBuildFile; fileRef = 133EBDBEFBD837298ECD0F2D; };
		62C99D30EF19C155DBC285AD = {isa = PBXBuildFile; fileRef = 01F8C7502D914054DDA97F63; };
		64988214D91955C4BB6A5FDB = {isa = PBXBuildFile; fileRef = 525E3B01849BF44A88C7CC9B; };
		654137B27DC00420FAF257B8 = {isa = PBXFileReference; lastKnownFileType = sourcecode.swift; path = "Items.swift"; sourceTree = "<group>"; };
		65DDE124F845D50EC30C9DBE = {isa = PBXBuildFile; fileRef = 0CC36D9D6B9DB85390E3381F; };
		663A92E0F661CB20F4B857CC = {isa = PBXBuildFile; fileRef = 3AA650C2C1B56755683B7616; };
		68B30172C3A83C6B3407EC62 = {isa = PBXBuildFile; fileRef = A0DCE7C536B21D87CE582FD5; };
		6910BC278532B6B3DB8328EF = {isa = PBXBuildFile; fileRef = 43F43F16A88CA284F2B31D5B; };
		69E86CBD8BE557D1994F73E9 = {isa = PBXFileReference; lastKnownFileType = sourcecode.swift; path = "SideArc.swift"; sourceTree = "<group>"; };
		6A26A1D5900B181CB644D3E2 = {isa = PBXBuildFile; fileRef = 5CB147CA9D3ADCEFB5C6AB6B; };
		6AF10E7F30C0BDEAA3FAB0EA = {isa = PBXFileReference; lastKnownFileType = sourcecode.swift; path = "UIBuilder.swift"; sourceTree = "<group>"; };
		6B65D840703962602FE9CF9C = {isa = PBXBuildFile; fileRef = 4BCFD1E26574139F275E2484; };
		6B832EEAE78AEA32557AC5D2 = {isa = PBXFileReference; lastKnownFileType = sourcecode.swift; path = "Campus.swift"; sourceTree = "<group>"; };
		6CD6645746E26E8854991CAD = {isa = PBXFileReference; explicitFileType = wrapper.application; includeInIndex = 0; path = FPod.app; sourceTree = BUILT_PRODUCTS_DIR; };
		6D41E525A47BBEA06516C0F2 = {isa = PBXBuildFile; fileRef = 89EA945049B9A8FBC95B1DFA; };
		6E776141784782928DB04E8A = {isa = PBXBuildFile; fileRef = 11980904E30DAAA58670ECB5; };
		6EFD5FE3E88933A9F2B77EFF = {isa = PBXFileReference; lastKnownFileType = sourcecode.swift; path = "PropArt.swift"; sourceTree = "<group>"; };
		6FFA175010E058624454D194 = {isa = PBXBuildFile; fileRef = BEB5F29C9C9279F8DD7719CA; };
		70B872B0DB962CF4E9525380 = {isa = PBXBuildFile; fileRef = FB02FB3429FBF7C5A3B99AF3; };
		7539DCAC062DF92198860326 = {isa = PBXBuildFile; fileRef = 76B02FB470344E30CAA30EEC; };
		754C55A7CF595A652A713DDC = {isa = PBXFileReference; lastKnownFileType = sourcecode.swift; path = "Dialogue.swift"; sourceTree = "<group>"; };
		757D595054A36BB21EB544B2 = {isa = PBXFileReference; lastKnownFileType = sourcecode.swift; path = "Menus.swift"; sourceTree = "<group>"; };
		75B1BD9C3D56DCF7B597B234 = {isa = PBXBuildFile; fileRef = 9B4AC3A69CB5BC85BA283258; };
		75C6E5F262AAE29AEDC4AE03 = {isa = PBXFileReference; lastKnownFileType = sourcecode.swift; path = "Game+Interaction.swift"; sourceTree = "<group>"; };
		76B02FB470344E30CAA30EEC = {isa = PBXFileReference; lastKnownFileType = sourcecode.swift; path = "AudioCommand.swift"; sourceTree = "<group>"; };
		782C01E3D79629E2EBAE67DD = {isa = PBXBuildFile; fileRef = 8A1C35CF35D4ACD926673700; };
		78785EAA83C9AEBBBDB88BE1 = {isa = PBXFileReference; lastKnownFileType = sourcecode.swift; path = "Systems.swift"; sourceTree = "<group>"; };
		794FF1DAC5133B15A346F4B9 = {isa = PBXBuildFile; fileRef = 6B832EEAE78AEA32557AC5D2; };
		79F3EDEB80DD91268175DB3E = {isa = PBXBuildFile; fileRef = 137DC9173699C4F8A5DBFE7D; };
		7A70D71C385290AF96BF1031 = {isa = PBXSourcesBuildPhase; buildActionMask = 2147483647; files = (7539DCAC062DF92198860326, B096F4663A51E0C46C7F2C02, 31295F9D57A3DF2003BF67B8, 75B1BD9C3D56DCF7B597B234, 794FF1DAC5133B15A346F4B9, 62C99D30EF19C155DBC285AD, 5C7263499E7E7722E8954669, EE1B105A21781A60FF0834CC, 84DE594811DEC63CC989EE8C, DDFCC8DF7AB5D9A723684DF3, F06920FD379316FEA2DE70AD, 782C01E3D79629E2EBAE67DD, 94042A5B6DA70FF72607340B, 3591F9DDCCCFEF52C772C181, 64988214D91955C4BB6A5FDB, B2D8419C5F96D8D0F6C1556F, 4F9F77D805835A9AA225857F, F7F692553F32B73085C8FE18, C9A8837AE3129C39A8A48353, 8AEC0FC178529EAA1B3B0E27, BE048B4FD5188A04F4F0DF6C, B647608261F4473E0E28C411, 39A6EC24B0799DF37C8200F4, A20F364218C3FDAEF56A64D7, 1805BBF03B835178EF9AA1F3, B2A402CFB41C697FC18468FC, 409756DB473AB7DFD68CD97F, ED194181F6F92C7A19E40D72, CDD1FB4154109AD5915880A6, 601C1B5CDBDF743F1497EEF6, FC9AB550CB4C4790A5C09E04, E255F3878BEC4D52C5843831, B9CF091C124FDE05BB4D38DC, CECB7E9F97136419408F28D0, D0074C3379704EAD9273083F, 6910BC278532B6B3DB8328EF, 81831DE5BE52246AB7ECDF83, C7DD2AAA6F72AFE95BE9FABB, 886A05540DF9A5CD6E430DB1, B64BAD67950098A81E6A2F2E, D12D25280138C2CFFE7D8EE5, 05596FF08497BFA88FEE9A71, C66CD6607ED66D23D4461A58, 6D41E525A47BBEA06516C0F2, A0FF9FDAAE4BF3FD031CF4F6, F114A531D6065D61B8D7E559, 3691F3B99D5B4FA132C02253, 2FEACC1E092090A3781C3291, 83CC94E4A0BCF49A03B741CD, FC41EBA1434198C3B6382DA3, CBD55C4EDBCA297F5D7B2530, 65DDE124F845D50EC30C9DBE, D7D56E8D4A15176F4A6F9D4E, 3073788BC2E9CD6938D9EB81, 79F3EDEB80DD91268175DB3E, 6A26A1D5900B181CB644D3E2, B36748BF9415FCCD1C92B1DF, 0007DD7D973DDF6D03D218FD, 98E79957CD41857E4E2F0F62, E47701BE16B0618078F149A6, BB49B704E908CB9AC3830B31, 811972BCC1C0CF244CD6BD19, 8F77D82A9819ADD87C120A1F, 33B3FC13F54F8301DA7CA6E6, ECA7D10C1558C2BA4B343BF1, A6DF347F8C6010B140A3DB9F, C3D7C4854A143F33E30FD2B5, 1EA77B415A3F4C85A5F43786, 51671D9143AB22F5B6D0259A, 1438E33FD53466B247ADD967, 3676B750F858376958018364, 90C1889A7BB1075EF75B5C9A, 70B872B0DB962CF4E9525380, B53223D2D51EA976D14C2790, 7E694D4B4F4EA64FDB468117, 97CB18ACB8778021B829A283, F77B68A9F4A7FE00A31498D9, 9C051BDB0F68BCC9E57BE7A1, 2BB0DF9C3A1960D5809E57F4, 6E776141784782928DB04E8A, 18B4EB13641E70918960AA60, 23B7EFB04B1E1794BE1A8762, 663A92E0F661CB20F4B857CC, 058FE672DADE1366AEB892D1, E6938841D856829115993889, 6B65D840703962602FE9CF9C, 2299593A95089D43AC5F658C, AFC2B5EE6679CF2F9021D452, A1996E4970076C04494C6387, 68B30172C3A83C6B3407EC62, BC84F35AC6E652BB5A7AFA9F, A2E82B80E01498EE15CADA77, 31AE39C1F2928B8F942B90DF, 38399CD598D9F5160B62C87E, 18E5D8AC38F488E4C2D76618, 859A9A85082B673A693D5510, 5C1CCA39562361C34DDE3127, 06BF79A14291CFF67A68D95A, 027C7CFFD9548193FC23B111, A9DA21B301BCF2A3E561CF90, 6FFA175010E058624454D194, 48C4438EB7E7DDC8110AA7BD, ); runOnlyForDeploymentPostprocessing = 0; };
		7BD5944436C1683BC0A24D80 = {isa = PBXFileReference; lastKnownFileType = sourcecode.swift; path = "ChessGame.swift"; sourceTree = "<group>"; };
		7E694D4B4F4EA64FDB468117 = {isa = PBXBuildFile; fileRef = 0530A885F824A3645D3B2F7D; };
		811972BCC1C0CF244CD6BD19 = {isa = PBXBuildFile; fileRef = 356318BF8D7ECB7E000F5D50; };
		81831DE5BE52246AB7ECDF83 = {isa = PBXBuildFile; fileRef = 25AE16D0E967126C14F740EA; };
		81EA0ACCE9F93D16BF1479BE = {isa = PBXGroup; children = (976B217A9F86DA014B766AAB, A7517D2136886C0CF4D67C02, 523720FC6D36C2D9A4F9A093, 16526F068D88E7E39BF7DB2B, 4B2F41405FC88C237014B7C6, 59A75C14CB7E799E28AE4988, BAD9F4F79396DB72F3FF9D67, E6A90ADD5D59A02F65268BAE, ); name = "FPodCore"; path = "Sources/FPodCore"; sourceTree = "<group>"; };
		834B426B2D65A8FC7669041C = {isa = PBXFileReference; lastKnownFileType = sourcecode.swift; path = "AppDelegate.swift"; sourceTree = "<group>"; };
		83CC94E4A0BCF49A03B741CD = {isa = PBXBuildFile; fileRef = 1DF7720A8F81BF00CC0AC176; };
		84CF0EBE7800E2BEDDC5A0EF = {isa = PBXFileReference; lastKnownFileType = sourcecode.swift; path = "HorseshoesGame.swift"; sourceTree = "<group>"; };
		84DE594811DEC63CC989EE8C = {isa = PBXBuildFile; fileRef = 754C55A7CF595A652A713DDC; };
		8537FC5BB4B55C9B11F36644 = {isa = PBXFileReference; lastKnownFileType = sourcecode.swift; path = "State.swift"; sourceTree = "<group>"; };
		859A9A85082B673A693D5510 = {isa = PBXBuildFile; fileRef = 834B426B2D65A8FC7669041C; };
		886A05540DF9A5CD6E430DB1 = {isa = PBXBuildFile; fileRef = C621A5FEC0B38115C13BDBAC; };
		88B36E66D1BBD65B1BF2DF1C = {isa = PBXFileReference; lastKnownFileType = sourcecode.swift; path = "SaveSystem.swift"; sourceTree = "<group>"; };
		89EA945049B9A8FBC95B1DFA = {isa = PBXFileReference; lastKnownFileType = sourcecode.swift; path = "MailSortGame.swift"; sourceTree = "<group>"; };
		8A1C35CF35D4ACD926673700 = {isa = PBXFileReference; lastKnownFileType = sourcecode.swift; path = "Interactions.swift"; sourceTree = "<group>"; };
		8AEC0FC178529EAA1B3B0E27 = {isa = PBXBuildFile; fileRef = C37279A6D4FEF8C421640F9F; };
		8CA2A170615B9134C706596A = {isa = PBXFileReference; lastKnownFileType = sourcecode.swift; path = "Game+Camera.swift"; sourceTree = "<group>"; };
		8F19F7F374B9DD8232BA1109 = {isa = PBXFileReference; lastKnownFileType = sourcecode.swift; path = "Quests.swift"; sourceTree = "<group>"; };
		8F77D82A9819ADD87C120A1F = {isa = PBXBuildFile; fileRef = A84FF3BD2F3283A127FBF7CB; };
		90C1889A7BB1075EF75B5C9A = {isa = PBXBuildFile; fileRef = 8CA2A170615B9134C706596A; };
		9149F48264B5B80E4E6252FF = {isa = PBXFileReference; lastKnownFileType = sourcecode.swift; path = "ArtLibrary.swift"; sourceTree = "<group>"; };
		91E2282EDAF5FD246DD2BA90 = {isa = PBXFileReference; lastKnownFileType = sourcecode.swift; path = "KitchenLineGame.swift"; sourceTree = "<group>"; };
		930241EF8BD6BE9E5CFA9652 = {isa = PBXFileReference; lastKnownFileType = sourcecode.swift; path = "Script.swift"; sourceTree = "<group>"; };
		94042A5B6DA70FF72607340B = {isa = PBXBuildFile; fileRef = 654137B27DC00420FAF257B8; };
		976B217A9F86DA014B766AAB = {isa = PBXGroup; children = (76B02FB470344E30CAA30EEC, 43BFFCFABD17DDF076C6966B, F891FF25FAF3C1E30892AE89, 9B4AC3A69CB5BC85BA283258, ); path = "Audio"; sourceTree = "<group>"; };
		97CB18ACB8778021B829A283 = {isa = PBXBuildFile; fileRef = C02EFC6D9D216FAA7BBAA3D4; };
		98E79957CD41857E4E2F0F62 = {isa = PBXBuildFile; fileRef = 6AF10E7F30C0BDEAA3FAB0EA; };
		9B4AC3A69CB5BC85BA283258 = {isa = PBXFileReference; lastKnownFileType = sourcecode.swift; path = "SFXBank.swift"; sourceTree = "<group>"; };
		9C051BDB0F68BCC9E57BE7A1 = {isa = PBXBuildFile; fileRef = 08ACB81DE72CE465A798AACE; };
		9F845FF55C21155C8E14A45D = {isa = PBXFileReference; lastKnownFileType = sourcecode.swift; path = "Schedule.swift"; sourceTree = "<group>"; };
		A02F4CCFC3A829DA705FB16C = {isa = PBXFileReference; lastKnownFileType = sourcecode.swift; path = "Jobs.swift"; sourceTree = "<group>"; };
		A0DCE7C536B21D87CE582FD5 = {isa = PBXFileReference; lastKnownFileType = sourcecode.swift; path = "RNG.swift"; sourceTree = "<group>"; };
		A0FF9FDAAE4BF3FD031CF4F6 = {isa = PBXBuildFile; fileRef = 4C290A313A491AB0A68A0B0E; };
		A1996E4970076C04494C6387 = {isa = PBXBuildFile; fileRef = D30DBED1E543172284407D7D; };
		A20F364218C3FDAEF56A64D7 = {isa = PBXBuildFile; fileRef = 391D4C84990F4A0463043994; };
		A2E82B80E01498EE15CADA77 = {isa = PBXBuildFile; fileRef = 19644A29073F70B6A18CFFF9; };
		A3D17FF89F3CDD356A0EADD5 = {isa = PBXNativeTarget; buildConfigurationList = 354589B28580510B6EC24620; buildPhases = (7A70D71C385290AF96BF1031, 424153ED3CD079DB4DB459AF, 285BB1C1430063331E9F5DD0, ); buildRules = (); dependencies = (); name = FPod; productName = FPod; productReference = 6CD6645746E26E8854991CAD; productType = "com.apple.product-type.application"; };
		A593A0F60BC35BC99595E2D8 = {isa = PBXFileReference; lastKnownFileType = sourcecode.swift; path = "WorldMap.swift"; sourceTree = "<group>"; };
		A69D460205A1467D42780393 = {isa = PBXFileReference; lastKnownFileType = folder.assetcatalog; path = "Assets.xcassets"; sourceTree = "<group>"; };
		A6DF347F8C6010B140A3DB9F = {isa = PBXBuildFile; fileRef = 2DB6DF11DCA3E7C3B6D7A80C; };
		A7517D2136886C0CF4D67C02 = {isa = PBXGroup; children = (6B832EEAE78AEA32557AC5D2, 01F8C7502D914054DDA97F63, 349E558904A38386937D770C, EF20756551C4C529D8A1AF6D, 754C55A7CF595A652A713DDC, 297BF03941A1003DB0F5FE78, 529827E63526E4AE701B867F, 8A1C35CF35D4ACD926673700, 654137B27DC00420FAF257B8, A02F4CCFC3A829DA705FB16C, 525E3B01849BF44A88C7CC9B, 462416A2526C59BCE795072A, 8F19F7F374B9DD8232BA1109, 9F845FF55C21155C8E14A45D, 930241EF8BD6BE9E5CFA9652, C37279A6D4FEF8C421640F9F, 254F6549C45EFA2101E446F4, 78785EAA83C9AEBBBDB88BE1, D303E0AC9229C621D1A2F680, 580C698C8CDBDB505932422A, ); path = "Content"; sourceTree = "<group>"; };
		A84FF3BD2F3283A127FBF7CB = {isa = PBXFileReference; lastKnownFileType = sourcecode.swift; path = "ChunkArt.swift"; sourceTree = "<group>"; };
		A93EC4E12C503F2079B91A0F = {isa = PBXFileReference; lastKnownFileType = sourcecode.swift; path = "GardenGame.swift"; sourceTree = "<group>"; };
		A9863BCEDB4EAA744B19D7BD = {isa = PBXFileReference; lastKnownFileType = sourcecode.swift; path = "MapBuilder.swift"; sourceTree = "<group>"; };
		A9DA21B301BCF2A3E561CF90 = {isa = PBXBuildFile; fileRef = FA88887B777F0A1B4066013E; };
		ABF711003EBA27235DF6E96A = {isa = PBXFileReference; lastKnownFileType = text.plist.xml; path = "Info.plist"; sourceTree = "<group>"; };
		AFC2B5EE6679CF2F9021D452 = {isa = PBXBuildFile; fileRef = E7F6ED0AEA9693FE1182128E; };
		B096F4663A51E0C46C7F2C02 = {isa = PBXBuildFile; fileRef = 43BFFCFABD17DDF076C6966B; };
		B18530D543C4D43E9D1C9DD4 = {isa = PBXFileReference; lastKnownFileType = sourcecode.swift; path = "WorldPresenter.swift"; sourceTree = "<group>"; };
		B2A402CFB41C697FC18468FC = {isa = PBXBuildFile; fileRef = 69E86CBD8BE557D1994F73E9; };
		B2D8419C5F96D8D0F6C1556F = {isa = PBXBuildFile; fileRef = 462416A2526C59BCE795072A; };
		B33B3AA849D91222E416DDFA = {isa = PBXFileReference; lastKnownFileType = sourcecode.swift; path = "Game+Access.swift"; sourceTree = "<group>"; };
		B36748BF9415FCCD1C92B1DF = {isa = PBXBuildFile; fileRef = 5CCCE90B341F29AA9247DAB8; };
		B3E6FE18E1AA3295FA6D72FA = {isa = PBXFileReference; lastKnownFileType = sourcecode.swift; path = "DominoesGame.swift"; sourceTree = "<group>"; };
		B53223D2D51EA976D14C2790 = {isa = PBXBuildFile; fileRef = 75C6E5F262AAE29AEDC4AE03; };
		B647608261F4473E0E28C411 = {isa = PBXBuildFile; fileRef = 78785EAA83C9AEBBBDB88BE1; };
		B64BAD67950098A81E6A2F2E = {isa = PBXBuildFile; fileRef = 84CF0EBE7800E2BEDDC5A0EF; };
		B97C27F1AEA91DE5055FF243 = {isa = PBXFileReference; lastKnownFileType = sourcecode.swift; path = "LibraryShelveGame.swift"; sourceTree = "<group>"; };
		B9CF091C124FDE05BB4D38DC = {isa = PBXBuildFile; fileRef = 7BD5944436C1683BC0A24D80; };
		BA66C3F97F22E182A7F03769 = {isa = PBXFileReference; lastKnownFileType = sourcecode.swift; path = "LaundrySortGame.swift"; sourceTree = "<group>"; };
		BAA9B9590FC024319F19AAC8 = {isa = PBXFileReference; lastKnownFileType = sourcecode.swift; path = "Frame.swift"; sourceTree = "<group>"; };
		BAB5E62257267DDA65410CE9 = {isa = PBXBuildFile; fileRef = A69D460205A1467D42780393; };
		BAD9F4F79396DB72F3FF9D67 = {isa = PBXGroup; children = (C646FDE5E059A20995D57ED1, E7F6ED0AEA9693FE1182128E, D30DBED1E543172284407D7D, A0DCE7C536B21D87CE582FD5, ); path = "Util"; sourceTree = "<group>"; };
		BB49B704E908CB9AC3830B31 = {isa = PBXBuildFile; fileRef = 9149F48264B5B80E4E6252FF; };
		BC84F35AC6E652BB5A7AFA9F = {isa = PBXBuildFile; fileRef = A9863BCEDB4EAA744B19D7BD; };
		BE048B4FD5188A04F4F0DF6C = {isa = PBXBuildFile; fileRef = 254F6549C45EFA2101E446F4; };
		BEB5F29C9C9279F8DD7719CA = {isa = PBXFileReference; lastKnownFileType = sourcecode.swift; path = "Rasterizer.swift"; sourceTree = "<group>"; };
		C02EFC6D9D216FAA7BBAA3D4 = {isa = PBXFileReference; lastKnownFileType = sourcecode.swift; path = "Game+NPC.swift"; sourceTree = "<group>"; };
		C28449456A5A705A7479770B = {isa = XCBuildConfiguration; buildSettings = {ALWAYS_SEARCH_USER_PATHS = "NO"; CLANG_ENABLE_MODULES = "YES"; CLANG_ENABLE_OBJC_ARC = "YES"; COPY_PHASE_STRIP = "NO"; DEBUG_INFORMATION_FORMAT = "dwarf-with-dsym"; ENABLE_NS_ASSERTIONS = "NO"; ENABLE_STRICT_OBJC_MSGSEND = "YES"; ENABLE_USER_SCRIPT_SANDBOXING = "YES"; GCC_C_LANGUAGE_STANDARD = "gnu17"; GCC_NO_COMMON_BLOCKS = "YES"; IPHONEOS_DEPLOYMENT_TARGET = "16.0"; MTL_ENABLE_DEBUG_INFO = "NO"; SDKROOT = "iphoneos"; SWIFT_COMPILATION_MODE = "wholemodule"; SWIFT_OPTIMIZATION_LEVEL = "-O"; VALIDATE_PRODUCT = "YES";}; name = Release; };
		C37279A6D4FEF8C421640F9F = {isa = PBXFileReference; lastKnownFileType = sourcecode.swift; path = "Story.swift"; sourceTree = "<group>"; };
		C38A0EBF94B94D2392FA7A02 = {isa = PBXFileReference; lastKnownFileType = sourcecode.swift; path = "MinigameKit.swift"; sourceTree = "<group>"; };
		C3D7C4854A143F33E30FD2B5 = {isa = PBXBuildFile; fileRef = 5795B2E0533C4B88FAB37459; };
		C621A5FEC0B38115C13BDBAC = {isa = PBXFileReference; lastKnownFileType = sourcecode.swift; path = "GurneyGame.swift"; sourceTree = "<group>"; };
		C646FDE5E059A20995D57ED1 = {isa = PBXFileReference; lastKnownFileType = sourcecode.swift; path = "Color.swift"; sourceTree = "<group>"; };
		C66CD6607ED66D23D4461A58 = {isa = PBXBuildFile; fileRef = B97C27F1AEA91DE5055FF243; };
		C68018D8D1D1503671CD25B7 = {isa = PBXFileReference; lastKnownFileType = sourcecode.swift; path = "Renderer.swift"; sourceTree = "<group>"; };
		C7DD2AAA6F72AFE95BE9FABB = {isa = PBXBuildFile; fileRef = A93EC4E12C503F2079B91A0F; };
		C9A8837AE3129C39A8A48353 = {isa = PBXBuildFile; fileRef = 930241EF8BD6BE9E5CFA9652; };
		CBD55C4EDBCA297F5D7B2530 = {isa = PBXBuildFile; fileRef = 88B36E66D1BBD65B1BF2DF1C; };
		CDD1FB4154109AD5915880A6 = {isa = PBXBuildFile; fileRef = 1EC3B90C5FCDD0C18EA83E15; };
		CECB7E9F97136419408F28D0 = {isa = PBXBuildFile; fileRef = 4FAA9E29F0C98F1E46A3B162; };
		D0074C3379704EAD9273083F = {isa = PBXBuildFile; fileRef = B3E6FE18E1AA3295FA6D72FA; };
		D0667266A4085ED6534A9D97 = {isa = PBXGroup; children = (834B426B2D65A8FC7669041C, D3E98566DA1DB48D488B5513, 555A988CE2E5E47201995C06, FE06B268444BFD600479D9FC, FA88887B777F0A1B4066013E, BEB5F29C9C9279F8DD7719CA, C68018D8D1D1503671CD25B7, A69D460205A1467D42780393, ABF711003EBA27235DF6E96A, ); name = "FPod (iOS)"; path = "iOS/FPod"; sourceTree = "<group>"; };
		D12D25280138C2CFFE7D8EE5 = {isa = PBXBuildFile; fileRef = 91E2282EDAF5FD246DD2BA90; };
		D303E0AC9229C621D1A2F680 = {isa = PBXFileReference; lastKnownFileType = sourcecode.swift; path = "Trades.swift"; sourceTree = "<group>"; };
		D30DBED1E543172284407D7D = {isa = PBXFileReference; lastKnownFileType = sourcecode.swift; path = "Math.swift"; sourceTree = "<group>"; };
		D3E98566DA1DB48D488B5513 = {isa = PBXFileReference; lastKnownFileType = sourcecode.swift; path = "AudioPlayer.swift"; sourceTree = "<group>"; };
		D791730A369C050A42A90157 = {isa = PBXFileReference; lastKnownFileType = sourcecode.swift; path = "Catalog.swift"; sourceTree = "<group>"; };
		D7D56E8D4A15176F4A6F9D4E = {isa = PBXBuildFile; fileRef = BAA9B9590FC024319F19AAC8; };
		DDFCC8DF7AB5D9A723684DF3 = {isa = PBXBuildFile; fileRef = 297BF03941A1003DB0F5FE78; };
		DECB48E0D103EA0D16A0706B = {isa = PBXFileReference; lastKnownFileType = sourcecode.swift; path = "WorldTypes.swift"; sourceTree = "<group>"; };
		E255F3878BEC4D52C5843831 = {isa = PBXBuildFile; fileRef = 19EE8710364EF1A44651F536; };
		E47701BE16B0618078F149A6 = {isa = PBXBuildFile; fileRef = B18530D543C4D43E9D1C9DD4; };
		E6938841D856829115993889 = {isa = PBXBuildFile; fileRef = 1F651F80AD0224C9389BC5E5; };
		E6A90ADD5D59A02F65268BAE = {isa = PBXGroup; children = (A9863BCEDB4EAA744B19D7BD, 19644A29073F70B6A18CFFF9, 2825FEFDF0F4794BD1D8D05D, A593A0F60BC35BC99595E2D8, DECB48E0D103EA0D16A0706B, ); path = "World"; sourceTree = "<group>"; };
		E75028D03E1124CFF54F8A8B = {isa = PBXFileReference; lastKnownFileType = sourcecode.swift; path = "SideInteractions.swift"; sourceTree = "<group>"; };
		E7F6ED0AEA9693FE1182128E = {isa = PBXFileReference; lastKnownFileType = sourcecode.swift; path = "Heap.swift"; sourceTree = "<group>"; };
		ECA7D10C1558C2BA4B343BF1 = {isa = PBXBuildFile; fileRef = 2E05CFAD44D2517948097C51; };
		ED194181F6F92C7A19E40D72 = {isa = PBXBuildFile; fileRef = 4E2E776E6AF3906386B64BF9; };
		EE1B105A21781A60FF0834CC = {isa = PBXBuildFile; fileRef = EF20756551C4C529D8A1AF6D; };
		EF20756551C4C529D8A1AF6D = {isa = PBXFileReference; lastKnownFileType = sourcecode.swift; path = "ContentAudit.swift"; sourceTree = "<group>"; };
		F06920FD379316FEA2DE70AD = {isa = PBXBuildFile; fileRef = 529827E63526E4AE701B867F; };
		F114A531D6065D61B8D7E559 = {isa = PBXBuildFile; fileRef = C38A0EBF94B94D2392FA7A02; };
		F77B68A9F4A7FE00A31498D9 = {isa = PBXBuildFile; fileRef = 0A24B6FC738C0FD95F524A03; };
		F7F692553F32B73085C8FE18 = {isa = PBXBuildFile; fileRef = 9F845FF55C21155C8E14A45D; };
		F891FF25FAF3C1E30892AE89 = {isa = PBXFileReference; lastKnownFileType = sourcecode.swift; path = "Music.swift"; sourceTree = "<group>"; };
		FA88887B777F0A1B4066013E = {isa = PBXFileReference; lastKnownFileType = sourcecode.swift; path = "PlatformServices.swift"; sourceTree = "<group>"; };
		FB02FB3429FBF7C5A3B99AF3 = {isa = PBXFileReference; lastKnownFileType = sourcecode.swift; path = "Game+Capture.swift"; sourceTree = "<group>"; };
		FC41EBA1434198C3B6382DA3 = {isa = PBXBuildFile; fileRef = 01B9E16C6B1B1B4C61912E46; };
		FC9AB550CB4C4790A5C09E04 = {isa = PBXBuildFile; fileRef = D791730A369C050A42A90157; };
		FD31C9FFDC1CA125D173FAE9 = {isa = PBXFileReference; lastKnownFileType = sourcecode.swift; path = "VehicleArt.swift"; sourceTree = "<group>"; };
		FE06B268444BFD600479D9FC = {isa = PBXFileReference; lastKnownFileType = sourcecode.swift; path = "GameViewController.swift"; sourceTree = "<group>"; };
	};
	rootObject = 20E1696D900C28F049E34F71;
}
